// !$*UTF8*$!
{
	archiveVersion = 1;
	classes = {
	};
	objectVersion = 46;
	objects = {

/* Begin PBXBuildFile section */
		F006F6871F8B5B740061F231 /* Confuse.sh in Resources */ = {isa = PBXBuildFile; fileRef = F006F6861F8B5B740061F231 /* Confuse.sh */; };
		F08E11E51F78DBD3005DE5F9 /* main.m in Sources */ = {isa = PBXBuildFile; fileRef = F08E11E41F78DBD3005DE5F9 /* main.m */; };
		F08E11E81F78DBD3005DE5F9 /* AppDelegate.m in Sources */ = {isa = PBXBuildFile; fileRef = F08E11E71F78DBD3005DE5F9 /* AppDelegate.m */; };
		F08E11EB1F78DBD4005DE5F9 /* ViewController.m in Sources */ = {isa = PBXBuildFile; fileRef = F08E11EA1F78DBD4005DE5F9 /* ViewController.m */; };
		F08E11EE1F78DBD4005DE5F9 /* Main.storyboard in Resources */ = {isa = PBXBuildFile; fileRef = F08E11EC1F78DBD4005DE5F9 /* Main.storyboard */; };
		F08E11F01F78DBD4005DE5F9 /* Assets.xcassets in Resources */ = {isa = PBXBuildFile; fileRef = F08E11EF1F78DBD4005DE5F9 /* Assets.xcassets */; };
		F08E11F31F78DBD4005DE5F9 /* LaunchScreen.storyboard in Resources */ = {isa = PBXBuildFile; fileRef = F08E11F11F78DBD4005DE5F9 /* LaunchScreen.storyboard */; };
		F08E12291F78DDB1005DE5F9 /* main.m in Sources */ = {isa = PBXBuildFile; fileRef = F08E12281F78DDB1005DE5F9 /* main.m */; };
		F08E122C1F78DDB1005DE5F9 /* AppDelegate.m in Sources */ = {isa = PBXBuildFile; fileRef = F08E122B1F78DDB1005DE5F9 /* AppDelegate.m */; };
		F08E122F1F78DDB1005DE5F9 /* ViewController.m in Sources */ = {isa = PBXBuildFile; fileRef = F08E122E1F78DDB1005DE5F9 /* ViewController.m */; };
		F08E12321F78DDB1005DE5F9 /* Main.storyboard in Resources */ = {isa = PBXBuildFile; fileRef = F08E12301F78DDB1005DE5F9 /* Main.storyboard */; };
		F08E12371F78DDB1005DE5F9 /* LaunchScreen.storyboard in Resources */ = {isa = PBXBuildFile; fileRef = F08E12351F78DDB1005DE5F9 /* LaunchScreen.storyboard */; };
		F08E124E1F78DE47005DE5F9 /* Conferee.m in Sources */ = {isa = PBXBuildFile; fileRef = F08E124B1F78DE47005DE5F9 /* Conferee.m */; };
		F08E124F1F78DE47005DE5F9 /* Conference.m in Sources */ = {isa = PBXBuildFile; fileRef = F08E124D1F78DE47005DE5F9 /* Conference.m */; };
		F08E12581F78E01F005DE5F9 /* main.m in Sources */ = {isa = PBXBuildFile; fileRef = F08E12571F78E01F005DE5F9 /* main.m */; };
		F08E125B1F78E01F005DE5F9 /* AppDelegate.m in Sources */ = {isa = PBXBuildFile; fileRef = F08E125A1F78E01F005DE5F9 /* AppDelegate.m */; };
		F08E125E1F78E01F005DE5F9 /* ViewController.m in Sources */ = {isa = PBXBuildFile; fileRef = F08E125D1F78E01F005DE5F9 /* ViewController.m */; };
		F08E12611F78E01F005DE5F9 /* Main.storyboard in Resources */ = {isa = PBXBuildFile; fileRef = F08E125F1F78E01F005DE5F9 /* Main.storyboard */; };
		F08E12661F78E01F005DE5F9 /* LaunchScreen.storyboard in Resources */ = {isa = PBXBuildFile; fileRef = F08E12641F78E01F005DE5F9 /* LaunchScreen.storyboard */; };
		F0B7B7251F8B49FD00B89EFE /* AppDelegate.m in Sources */ = {isa = PBXBuildFile; fileRef = F0B7B7241F8B49FD00B89EFE /* AppDelegate.m */; };
		F0B7B7281F8B49FD00B89EFE /* ViewController.m in Sources */ = {isa = PBXBuildFile; fileRef = F0B7B7271F8B49FD00B89EFE /* ViewController.m */; };
		F0B7B72B1F8B49FD00B89EFE /* Main.storyboard in Resources */ = {isa = PBXBuildFile; fileRef = F0B7B7291F8B49FD00B89EFE /* Main.storyboard */; };
		F0B7B7301F8B49FD00B89EFE /* LaunchScreen.storyboard in Resources */ = {isa = PBXBuildFile; fileRef = F0B7B72E1F8B49FD00B89EFE /* LaunchScreen.storyboard */; };
		F0B7B7331F8B49FD00B89EFE /* main.m in Sources */ = {isa = PBXBuildFile; fileRef = F0B7B7321F8B49FD00B89EFE /* main.m */; };
		F0B7B7411F8B56B500B89EFE /* func.list in Resources */ = {isa = PBXBuildFile; fileRef = F0B7B7401F8B56B500B89EFE /* func.list */; };
/* End PBXBuildFile section */

/* Begin PBXFileReference section */
		F006F6861F8B5B740061F231 /* Confuse.sh */ = {isa = PBXFileReference; lastKnownFileType = text.script.sh; path = Confuse.sh; sourceTree = "<group>"; };
		F08E11E01F78DBD3005DE5F9 /* KnowledgePoint.app */ = {isa = PBXFileReference; explicitFileType = wrapper.application; includeInIndex = 0; path = KnowledgePoint.app; sourceTree = BUILT_PRODUCTS_DIR; };
		F08E11E41F78DBD3005DE5F9 /* main.m */ = {isa = PBXFileReference; lastKnownFileType = sourcecode.c.objc; path = main.m; sourceTree = "<group>"; };
		F08E11E61F78DBD3005DE5F9 /* AppDelegate.h */ = {isa = PBXFileReference; lastKnownFileType = sourcecode.c.h; path = AppDelegate.h; sourceTree = "<group>"; };
		F08E11E71F78DBD3005DE5F9 /* AppDelegate.m */ = {isa = PBXFileReference; lastKnownFileType = sourcecode.c.objc; path = AppDelegate.m; sourceTree = "<group>"; };
		F08E11E91F78DBD4005DE5F9 /* ViewController.h */ = {isa = PBXFileReference; lastKnownFileType = sourcecode.c.h; path = ViewController.h; sourceTree = "<group>"; };
		F08E11EA1F78DBD4005DE5F9 /* ViewController.m */ = {isa = PBXFileReference; lastKnownFileType = sourcecode.c.objc; path = ViewController.m; sourceTree = "<group>"; };
		F08E11ED1F78DBD4005DE5F9 /* Base */ = {isa = PBXFileReference; lastKnownFileType = file.storyboard; name = Base; path = Base.lproj/Main.storyboard; sourceTree = "<group>"; };
		F08E11EF1F78DBD4005DE5F9 /* Assets.xcassets */ = {isa = PBXFileReference; lastKnownFileType = folder.assetcatalog; path = Assets.xcassets; sourceTree = "<group>"; };
		F08E11F21F78DBD4005DE5F9 /* Base */ = {isa = PBXFileReference; lastKnownFileType = file.storyboard; name = Base; path = Base.lproj/LaunchScreen.storyboard; sourceTree = "<group>"; };
		F08E11F41F78DBD4005DE5F9 /* Info.plist */ = {isa = PBXFileReference; lastKnownFileType = text.plist.xml; path = Info.plist; sourceTree = "<group>"; };
		F08E12251F78DDB1005DE5F9 /* Copy.app */ = {isa = PBXFileReference; explicitFileType = wrapper.application; includeInIndex = 0; path = Copy.app; sourceTree = BUILT_PRODUCTS_DIR; };
		F08E12281F78DDB1005DE5F9 /* main.m */ = {isa = PBXFileReference; lastKnownFileType = sourcecode.c.objc; path = main.m; sourceTree = "<group>"; };
		F08E122A1F78DDB1005DE5F9 /* AppDelegate.h */ = {isa = PBXFileReference; lastKnownFileType = sourcecode.c.h; path = AppDelegate.h; sourceTree = "<group>"; };
		F08E122B1F78DDB1005DE5F9 /* AppDelegate.m */ = {isa = PBXFileReference; lastKnownFileType = sourcecode.c.objc; path = AppDelegate.m; sourceTree = "<group>"; };
		F08E122D1F78DDB1005DE5F9 /* ViewController.h */ = {isa = PBXFileReference; lastKnownFileType = sourcecode.c.h; path = ViewController.h; sourceTree = "<group>"; };
		F08E122E1F78DDB1005DE5F9 /* ViewController.m */ = {isa = PBXFileReference; lastKnownFileType = sourcecode.c.objc; path = ViewController.m; sourceTree = "<group>"; };
		F08E12311F78DDB1005DE5F9 /* Base */ = {isa = PBXFileReference; lastKnownFileType = file.storyboard; name = Base; path = Base.lproj/Main.storyboard; sourceTree = "<group>"; };
		F08E12361F78DDB1005DE5F9 /* Base */ = {isa = PBXFileReference; lastKnownFileType = file.storyboard; name = Base; path = Base.lproj/LaunchScreen.storyboard; sourceTree = "<group>"; };
		F08E12381F78DDB1005DE5F9 /* Info.plist */ = {isa = PBXFileReference; lastKnownFileType = text.plist.xml; path = Info.plist; sourceTree = "<group>"; };
		F08E124A1F78DE47005DE5F9 /* Conferee.h */ = {isa = PBXFileReference; fileEncoding = 4; lastKnownFileType = sourcecode.c.h; path = Conferee.h; sourceTree = "<group>"; };
		F08E124B1F78DE47005DE5F9 /* Conferee.m */ = {isa = PBXFileReference; fileEncoding = 4; lastKnownFileType = sourcecode.c.objc; path = Conferee.m; sourceTree = "<group>"; };
		F08E124C1F78DE47005DE5F9 /* Conference.h */ = {isa = PBXFileReference; fileEncoding = 4; lastKnownFileType = sourcecode.c.h; path = Conference.h; sourceTree = "<group>"; };
		F08E124D1F78DE47005DE5F9 /* Conference.m */ = {isa = PBXFileReference; fileEncoding = 4; lastKnownFileType = sourcecode.c.objc; path = Conference.m; sourceTree = "<group>"; };
		F08E12541F78E01F005DE5F9 /* 多线程.app */ = {isa = PBXFileReference; explicitFileType = wrapper.application; includeInIndex = 0; path = "多线程.app"; sourceTree = BUILT_PRODUCTS_DIR; };
		F08E12571F78E01F005DE5F9 /* main.m */ = {isa = PBXFileReference; lastKnownFileType = sourcecode.c.objc; path = main.m; sourceTree = "<group>"; };
		F08E12591F78E01F005DE5F9 /* AppDelegate.h */ = {isa = PBXFileReference; lastKnownFileType = sourcecode.c.h; path = AppDelegate.h; sourceTree = "<group>"; };
		F08E125A1F78E01F005DE5F9 /* AppDelegate.m */ = {isa = PBXFileReference; lastKnownFileType = sourcecode.c.objc; path = AppDelegate.m; sourceTree = "<group>"; };
		F08E125C1F78E01F005DE5F9 /* ViewController.h */ = {isa = PBXFileReference; lastKnownFileType = sourcecode.c.h; path = ViewController.h; sourceTree = "<group>"; };
		F08E125D1F78E01F005DE5F9 /* ViewController.m */ = {isa = PBXFileReference; lastKnownFileType = sourcecode.c.objc; path = ViewController.m; sourceTree = "<group>"; };
		F08E12601F78E01F005DE5F9 /* Base */ = {isa = PBXFileReference; lastKnownFileType = file.storyboard; name = Base; path = Base.lproj/Main.storyboard; sourceTree = "<group>"; };
		F08E12651F78E01F005DE5F9 /* Base */ = {isa = PBXFileReference; lastKnownFileType = file.storyboard; name = Base; path = Base.lproj/LaunchScreen.storyboard; sourceTree = "<group>"; };
		F08E12671F78E01F005DE5F9 /* Info.plist */ = {isa = PBXFileReference; lastKnownFileType = text.plist.xml; path = Info.plist; sourceTree = "<group>"; };
		F0B7B7211F8B49FD00B89EFE /* ZXGConfuse.app */ = {isa = PBXFileReference; explicitFileType = wrapper.application; includeInIndex = 0; path = ZXGConfuse.app; sourceTree = BUILT_PRODUCTS_DIR; };
		F0B7B7231F8B49FD00B89EFE /* AppDelegate.h */ = {isa = PBXFileReference; lastKnownFileType = sourcecode.c.h; path = AppDelegate.h; sourceTree = "<group>"; };
		F0B7B7241F8B49FD00B89EFE /* AppDelegate.m */ = {isa = PBXFileReference; lastKnownFileType = sourcecode.c.objc; path = AppDelegate.m; sourceTree = "<group>"; };
		F0B7B7261F8B49FD00B89EFE /* ViewController.h */ = {isa = PBXFileReference; lastKnownFileType = sourcecode.c.h; path = ViewController.h; sourceTree = "<group>"; };
		F0B7B7271F8B49FD00B89EFE /* ViewController.m */ = {isa = PBXFileReference; lastKnownFileType = sourcecode.c.objc; path = ViewController.m; sourceTree = "<group>"; };
		F0B7B72A1F8B49FD00B89EFE /* Base */ = {isa = PBXFileReference; lastKnownFileType = file.storyboard; name = Base; path = Base.lproj/Main.storyboard; sourceTree = "<group>"; };
		F0B7B72F1F8B49FD00B89EFE /* Base */ = {isa = PBXFileReference; lastKnownFileType = file.storyboard; name = Base; path = Base.lproj/LaunchScreen.storyboard; sourceTree = "<group>"; };
		F0B7B7311F8B49FD00B89EFE /* Info.plist */ = {isa = PBXFileReference; lastKnownFileType = text.plist.xml; path = Info.plist; sourceTree = "<group>"; };
		F0B7B7321F8B49FD00B89EFE /* main.m */ = {isa = PBXFileReference; lastKnownFileType = sourcecode.c.objc; path = main.m; sourceTree = "<group>"; };
		F0B7B7391F8B4EA300B89EFE /* ZXGConfuse.pch */ = {isa = PBXFileReference; lastKnownFileType = sourcecode.c.h; path = ZXGConfuse.pch; sourceTree = "<group>"; };
		F0B7B7401F8B56B500B89EFE /* func.list */ = {isa = PBXFileReference; lastKnownFileType = text.script.sh; path = func.list; sourceTree = "<group>"; };
/* End PBXFileReference section */

/* Begin PBXFrameworksBuildPhase section */
		F08E11DD1F78DBD3005DE5F9 /* Frameworks */ = {
			isa = PBXFrameworksBuildPhase;
			buildActionMask = 2147483647;
			files = (
			);
			runOnlyForDeploymentPostprocessing = 0;
		};
		F08E12221F78DDB1005DE5F9 /* Frameworks */ = {
			isa = PBXFrameworksBuildPhase;
			buildActionMask = 2147483647;
			files = (
			);
			runOnlyForDeploymentPostprocessing = 0;
		};
		F08E12511F78E01F005DE5F9 /* Frameworks */ = {
			isa = PBXFrameworksBuildPhase;
			buildActionMask = 2147483647;
			files = (
			);
			runOnlyForDeploymentPostprocessing = 0;
		};
		F0B7B71E1F8B49FD00B89EFE /* Frameworks */ = {
			isa = PBXFrameworksBuildPhase;
			buildActionMask = 2147483647;
			files = (
			);
			runOnlyForDeploymentPostprocessing = 0;
		};
/* End PBXFrameworksBuildPhase section */

/* Begin PBXGroup section */
		F08E11D71F78DBD3005DE5F9 = {
			isa = PBXGroup;
			children = (
				F08E11E21F78DBD3005DE5F9 /* KnowledgePoint */,
				F08E12261F78DDB1005DE5F9 /* Copy */,
				F08E12551F78E01F005DE5F9 /* 多线程 */,
				F0B7B7221F8B49FD00B89EFE /* ZXGConfuse */,
				F08E11E11F78DBD3005DE5F9 /* Products */,
			);
			sourceTree = "<group>";
		};
		F08E11E11F78DBD3005DE5F9 /* Products */ = {
			isa = PBXGroup;
			children = (
				F08E11E01F78DBD3005DE5F9 /* KnowledgePoint.app */,
				F08E12251F78DDB1005DE5F9 /* Copy.app */,
				F08E12541F78E01F005DE5F9 /* 多线程.app */,
				F0B7B7211F8B49FD00B89EFE /* ZXGConfuse.app */,
			);
			name = Products;
			sourceTree = "<group>";
		};
		F08E11E21F78DBD3005DE5F9 /* KnowledgePoint */ = {
			isa = PBXGroup;
			children = (
				F08E11E61F78DBD3005DE5F9 /* AppDelegate.h */,
				F08E11E71F78DBD3005DE5F9 /* AppDelegate.m */,
				F08E11E91F78DBD4005DE5F9 /* ViewController.h */,
				F08E11EA1F78DBD4005DE5F9 /* ViewController.m */,
				F08E11EC1F78DBD4005DE5F9 /* Main.storyboard */,
				F08E11EF1F78DBD4005DE5F9 /* Assets.xcassets */,
				F08E11F11F78DBD4005DE5F9 /* LaunchScreen.storyboard */,
				F08E11F41F78DBD4005DE5F9 /* Info.plist */,
				F08E11E31F78DBD3005DE5F9 /* Supporting Files */,
			);
			path = KnowledgePoint;
			sourceTree = "<group>";
		};
		F08E11E31F78DBD3005DE5F9 /* Supporting Files */ = {
			isa = PBXGroup;
			children = (
				F08E11E41F78DBD3005DE5F9 /* main.m */,
			);
			name = "Supporting Files";
			sourceTree = "<group>";
		};
		F08E12261F78DDB1005DE5F9 /* Copy */ = {
			isa = PBXGroup;
			children = (
				F08E124A1F78DE47005DE5F9 /* Conferee.h */,
				F08E124B1F78DE47005DE5F9 /* Conferee.m */,
				F08E124C1F78DE47005DE5F9 /* Conference.h */,
				F08E124D1F78DE47005DE5F9 /* Conference.m */,
				F08E122A1F78DDB1005DE5F9 /* AppDelegate.h */,
				F08E122B1F78DDB1005DE5F9 /* AppDelegate.m */,
				F08E122D1F78DDB1005DE5F9 /* ViewController.h */,
				F08E122E1F78DDB1005DE5F9 /* ViewController.m */,
				F08E12301F78DDB1005DE5F9 /* Main.storyboard */,
				F08E12351F78DDB1005DE5F9 /* LaunchScreen.storyboard */,
				F08E12381F78DDB1005DE5F9 /* Info.plist */,
				F08E12271F78DDB1005DE5F9 /* Supporting Files */,
			);
			path = Copy;
			sourceTree = "<group>";
		};
		F08E12271F78DDB1005DE5F9 /* Supporting Files */ = {
			isa = PBXGroup;
			children = (
				F08E12281F78DDB1005DE5F9 /* main.m */,
			);
			name = "Supporting Files";
			sourceTree = "<group>";
		};
		F08E12551F78E01F005DE5F9 /* 多线程 */ = {
			isa = PBXGroup;
			children = (
				F08E12591F78E01F005DE5F9 /* AppDelegate.h */,
				F08E125A1F78E01F005DE5F9 /* AppDelegate.m */,
				F08E125C1F78E01F005DE5F9 /* ViewController.h */,
				F08E125D1F78E01F005DE5F9 /* ViewController.m */,
				F08E125F1F78E01F005DE5F9 /* Main.storyboard */,
				F08E12641F78E01F005DE5F9 /* LaunchScreen.storyboard */,
				F08E12671F78E01F005DE5F9 /* Info.plist */,
				F08E12561F78E01F005DE5F9 /* Supporting Files */,
			);
			path = "多线程";
			sourceTree = "<group>";
		};
		F08E12561F78E01F005DE5F9 /* Supporting Files */ = {
			isa = PBXGroup;
			children = (
				F08E12571F78E01F005DE5F9 /* main.m */,
			);
			name = "Supporting Files";
			sourceTree = "<group>";
		};
		F0B7B7221F8B49FD00B89EFE /* ZXGConfuse */ = {
			isa = PBXGroup;
			children = (
				F0B7B7231F8B49FD00B89EFE /* AppDelegate.h */,
				F0B7B7241F8B49FD00B89EFE /* AppDelegate.m */,
				F0B7B7261F8B49FD00B89EFE /* ViewController.h */,
				F0B7B7271F8B49FD00B89EFE /* ViewController.m */,
				F0B7B7291F8B49FD00B89EFE /* Main.storyboard */,
				F0B7B72E1F8B49FD00B89EFE /* LaunchScreen.storyboard */,
				F0B7B7311F8B49FD00B89EFE /* Info.plist */,
				F0B7B7321F8B49FD00B89EFE /* main.m */,
				F006F6861F8B5B740061F231 /* Confuse.sh */,
				F0B7B7391F8B4EA300B89EFE /* ZXGConfuse.pch */,
				F0B7B7401F8B56B500B89EFE /* func.list */,
			);
			path = ZXGConfuse;
			sourceTree = "<group>";
		};
/* End PBXGroup section */

/* Begin PBXNativeTarget section */
		F08E11DF1F78DBD3005DE5F9 /* KnowledgePoint */ = {
			isa = PBXNativeTarget;
			buildConfigurationList = F08E12021F78DBD4005DE5F9 /* Build configuration list for PBXNativeTarget "KnowledgePoint" */;
			buildPhases = (
				F08E11DC1F78DBD3005DE5F9 /* Sources */,
				F08E11DD1F78DBD3005DE5F9 /* Frameworks */,
				F08E11DE1F78DBD3005DE5F9 /* Resources */,
			);
			buildRules = (
			);
			dependencies = (
			);
			name = KnowledgePoint;
			productName = KnowledgePoint;
			productReference = F08E11E01F78DBD3005DE5F9 /* KnowledgePoint.app */;
			productType = "com.apple.product-type.application";
		};
		F08E12241F78DDB1005DE5F9 /* Copy */ = {
			isa = PBXNativeTarget;
			buildConfigurationList = F08E12441F78DDB2005DE5F9 /* Build configuration list for PBXNativeTarget "Copy" */;
			buildPhases = (
				F08E12211F78DDB1005DE5F9 /* Sources */,
				F08E12221F78DDB1005DE5F9 /* Frameworks */,
				F08E12231F78DDB1005DE5F9 /* Resources */,
			);
			buildRules = (
			);
			dependencies = (
			);
			name = Copy;
			productName = Copy;
			productReference = F08E12251F78DDB1005DE5F9 /* Copy.app */;
			productType = "com.apple.product-type.application";
		};
		F08E12531F78E01F005DE5F9 /* 多线程 */ = {
			isa = PBXNativeTarget;
			buildConfigurationList = F08E12731F78E01F005DE5F9 /* Build configuration list for PBXNativeTarget "多线程" */;
			buildPhases = (
				F08E12501F78E01F005DE5F9 /* Sources */,
				F08E12511F78E01F005DE5F9 /* Frameworks */,
				F08E12521F78E01F005DE5F9 /* Resources */,
			);
			buildRules = (
			);
			dependencies = (
			);
			name = "多线程";
			productName = "多线程";
			productReference = F08E12541F78E01F005DE5F9 /* 多线程.app */;
			productType = "com.apple.product-type.application";
		};
		F0B7B7201F8B49FD00B89EFE /* ZXGConfuse */ = {
			isa = PBXNativeTarget;
			buildConfigurationList = F0B7B7361F8B49FD00B89EFE /* Build configuration list for PBXNativeTarget "ZXGConfuse" */;
			buildPhases = (
				F0B7B71D1F8B49FD00B89EFE /* Sources */,
				F0B7B71E1F8B49FD00B89EFE /* Frameworks */,
				F0B7B71F1F8B49FD00B89EFE /* Resources */,
				F006F6841F8B58130061F231 /* ShellScript */,
			);
			buildRules = (
			);
			dependencies = (
			);
			name = ZXGConfuse;
			productName = ZXGConfuse;
			productReference = F0B7B7211F8B49FD00B89EFE /* ZXGConfuse.app */;
			productType = "com.apple.product-type.application";
		};
/* End PBXNativeTarget section */

/* Begin PBXProject section */
		F08E11D81F78DBD3005DE5F9 /* Project object */ = {
			isa = PBXProject;
			attributes = {
				LastUpgradeCheck = 0830;
				ORGANIZATIONNAME = "朱献国";
				TargetAttributes = {
					F08E11DF1F78DBD3005DE5F9 = {
						CreatedOnToolsVersion = 8.3.1;
						ProvisioningStyle = Automatic;
					};
					F08E12241F78DDB1005DE5F9 = {
						CreatedOnToolsVersion = 8.3.1;
						ProvisioningStyle = Automatic;
					};
					F08E12531F78E01F005DE5F9 = {
						CreatedOnToolsVersion = 8.3.1;
						ProvisioningStyle = Automatic;
					};
					F0B7B7201F8B49FD00B89EFE = {
						CreatedOnToolsVersion = 9.0;
						DevelopmentTeam = C7QWF37U49;
						ProvisioningStyle = Automatic;
					};
				};
			};
			buildConfigurationList = F08E11DB1F78DBD3005DE5F9 /* Build configuration list for PBXProject "KnowledgePoint" */;
			compatibilityVersion = "Xcode 3.2";
			developmentRegion = English;
			hasScannedForEncodings = 0;
			knownRegions = (
				en,
				Base,
			);
			mainGroup = F08E11D71F78DBD3005DE5F9;
			productRefGroup = F08E11E11F78DBD3005DE5F9 /* Products */;
			projectDirPath = "";
			projectRoot = "";
			targets = (
				F08E11DF1F78DBD3005DE5F9 /* KnowledgePoint */,
				F08E12241F78DDB1005DE5F9 /* Copy */,
				F08E12531F78E01F005DE5F9 /* 多线程 */,
				F0B7B7201F8B49FD00B89EFE /* ZXGConfuse */,
			);
		};
/* End PBXProject section */

/* Begin PBXResourcesBuildPhase section */
		F08E11DE1F78DBD3005DE5F9 /* Resources */ = {
			isa = PBXResourcesBuildPhase;
			buildActionMask = 2147483647;
			files = (
				F08E11F31F78DBD4005DE5F9 /* LaunchScreen.storyboard in Resources */,
				F08E11F01F78DBD4005DE5F9 /* Assets.xcassets in Resources */,
				F08E11EE1F78DBD4005DE5F9 /* Main.storyboard in Resources */,
			);
			runOnlyForDeploymentPostprocessing = 0;
		};
		F08E12231F78DDB1005DE5F9 /* Resources */ = {
			isa = PBXResourcesBuildPhase;
			buildActionMask = 2147483647;
			files = (
				F08E12371F78DDB1005DE5F9 /* LaunchScreen.storyboard in Resources */,
				F08E12321F78DDB1005DE5F9 /* Main.storyboard in Resources */,
			);
			runOnlyForDeploymentPostprocessing = 0;
		};
		F08E12521F78E01F005DE5F9 /* Resources */ = {
			isa = PBXResourcesBuildPhase;
			buildActionMask = 2147483647;
			files = (
				F08E12661F78E01F005DE5F9 /* LaunchScreen.storyboard in Resources */,
				F08E12611F78E01F005DE5F9 /* Main.storyboard in Resources */,
			);
			runOnlyForDeploymentPostprocessing = 0;
		};
		F0B7B71F1F8B49FD00B89EFE /* Resources */ = {
			isa = PBXResourcesBuildPhase;
			buildActionMask = 2147483647;
			files = (
				F0B7B7301F8B49FD00B89EFE /* LaunchScreen.storyboard in Resources */,
				F0B7B7411F8B56B500B89EFE /* func.list in Resources */,
				F006F6871F8B5B740061F231 /* Confuse.sh in Resources */,
				F0B7B72B1F8B49FD00B89EFE /* Main.storyboard in Resources */,
			);
			runOnlyForDeploymentPostprocessing = 0;
		};
/* End PBXResourcesBuildPhase section */

/* Begin PBXShellScriptBuildPhase section */
		F006F6841F8B58130061F231 /* ShellScript */ = {
			isa = PBXShellScriptBuildPhase;
			buildActionMask = 2147483647;
			files = (
			);
			inputPaths = (
			);
			outputPaths = (
			);
			runOnlyForDeploymentPostprocessing = 0;
			shellPath = /bin/sh;
			shellScript = "$PROJECT_DIR/ZXGConfuse/Confuse.sh\n";
		};
/* End PBXShellScriptBuildPhase section */

/* Begin PBXSourcesBuildPhase section */
		F08E11DC1F78DBD3005DE5F9 /* Sources */ = {
			isa = PBXSourcesBuildPhase;
			buildActionMask = 2147483647;
			files = (
				F08E11EB1F78DBD4005DE5F9 /* ViewController.m in Sources */,
				F08E11E81F78DBD3005DE5F9 /* AppDelegate.m in Sources */,
				F08E11E51F78DBD3005DE5F9 /* main.m in Sources */,
			);
			runOnlyForDeploymentPostprocessing = 0;
		};
		F08E12211F78DDB1005DE5F9 /* Sources */ = {
			isa = PBXSourcesBuildPhase;
			buildActionMask = 2147483647;
			files = (
				F08E124E1F78DE47005DE5F9 /* Conferee.m in Sources */,
				F08E122F1F78DDB1005DE5F9 /* ViewController.m in Sources */,
				F08E122C1F78DDB1005DE5F9 /* AppDelegate.m in Sources */,
				F08E124F1F78DE47005DE5F9 /* Conference.m in Sources */,
				F08E12291F78DDB1005DE5F9 /* main.m in Sources */,
			);
			runOnlyForDeploymentPostprocessing = 0;
		};
		F08E12501F78E01F005DE5F9 /* Sources */ = {
			isa = PBXSourcesBuildPhase;
			buildActionMask = 2147483647;
			files = (
				F08E125E1F78E01F005DE5F9 /* ViewController.m in Sources */,
				F08E125B1F78E01F005DE5F9 /* AppDelegate.m in Sources */,
				F08E12581F78E01F005DE5F9 /* main.m in Sources */,
			);
			runOnlyForDeploymentPostprocessing = 0;
		};
		F0B7B71D1F8B49FD00B89EFE /* Sources */ = {
			isa = PBXSourcesBuildPhase;
			buildActionMask = 2147483647;
			files = (
				F0B7B7281F8B49FD00B89EFE /* ViewController.m in Sources */,
				F0B7B7331F8B49FD00B89EFE /* main.m in Sources */,
				F0B7B7251F8B49FD00B89EFE /* AppDelegate.m in Sources */,
			);
			runOnlyForDeploymentPostprocessing = 0;
		};
/* End PBXSourcesBuildPhase section */

/* Begin PBXVariantGroup section */
		F08E11EC1F78DBD4005DE5F9 /* Main.storyboard */ = {
			isa = PBXVariantGroup;
			children = (
				F08E11ED1F78DBD4005DE5F9 /* Base */,
			);
			name = Main.storyboard;
			sourceTree = "<group>";
		};
		F08E11F11F78DBD4005DE5F9 /* LaunchScreen.storyboard */ = {
			isa = PBXVariantGroup;
			children = (
				F08E11F21F78DBD4005DE5F9 /* Base */,
			);
			name = LaunchScreen.storyboard;
			sourceTree = "<group>";
		};
		F08E12301F78DDB1005DE5F9 /* Main.storyboard */ = {
			isa = PBXVariantGroup;
			children = (
				F08E12311F78DDB1005DE5F9 /* Base */,
			);
			name = Main.storyboard;
			sourceTree = "<group>";
		};
		F08E12351F78DDB1005DE5F9 /* LaunchScreen.storyboard */ = {
			isa = PBXVariantGroup;
			children = (
				F08E12361F78DDB1005DE5F9 /* Base */,
			);
			name = LaunchScreen.storyboard;
			sourceTree = "<group>";
		};
		F08E125F1F78E01F005DE5F9 /* Main.storyboard */ = {
			isa = PBXVariantGroup;
			children = (
				F08E12601F78E01F005DE5F9 /* Base */,
			);
			name = Main.storyboard;
			sourceTree = "<group>";
		};
		F08E12641F78E01F005DE5F9 /* LaunchScreen.storyboard */ = {
			isa = PBXVariantGroup;
			children = (
				F08E12651F78E01F005DE5F9 /* Base */,
			);
			name = LaunchScreen.storyboard;
			sourceTree = "<group>";
		};
		F0B7B7291F8B49FD00B89EFE /* Main.storyboard */ = {
			isa = PBXVariantGroup;
			children = (
				F0B7B72A1F8B49FD00B89EFE /* Base */,
			);
			name = Main.storyboard;
			sourceTree = "<group>";
		};
		F0B7B72E1F8B49FD00B89EFE /* LaunchScreen.storyboard */ = {
			isa = PBXVariantGroup;
			children = (
				F0B7B72F1F8B49FD00B89EFE /* Base */,
			);
			name = LaunchScreen.storyboard;
			sourceTree = "<group>";
		};
/* End PBXVariantGroup section */

/* Begin XCBuildConfiguration section */
		F08E12001F78DBD4005DE5F9 /* Debug */ = {
			isa = XCBuildConfiguration;
			buildSettings = {
				ALWAYS_SEARCH_USER_PATHS = NO;
				CLANG_ANALYZER_NONNULL = YES;
				CLANG_ANALYZER_NUMBER_OBJECT_CONVERSION = YES_AGGRESSIVE;
				CLANG_CXX_LANGUAGE_STANDARD = "gnu++0x";
				CLANG_CXX_LIBRARY = "libc++";
				CLANG_ENABLE_MODULES = YES;
				CLANG_ENABLE_OBJC_ARC = YES;
				CLANG_WARN_BOOL_CONVERSION = YES;
				CLANG_WARN_CONSTANT_CONVERSION = YES;
				CLANG_WARN_DIRECT_OBJC_ISA_USAGE = YES_ERROR;
				CLANG_WARN_DOCUMENTATION_COMMENTS = YES;
				CLANG_WARN_EMPTY_BODY = YES;
				CLANG_WARN_ENUM_CONVERSION = YES;
				CLANG_WARN_INFINITE_RECURSION = YES;
				CLANG_WARN_INT_CONVERSION = YES;
				CLANG_WARN_OBJC_ROOT_CLASS = YES_ERROR;
				CLANG_WARN_SUSPICIOUS_MOVE = YES;
				CLANG_WARN_UNREACHABLE_CODE = YES;
				CLANG_WARN__DUPLICATE_METHOD_MATCH = YES;
				"CODE_SIGN_IDENTITY[sdk=iphoneos*]" = "iPhone Developer";
				COPY_PHASE_STRIP = NO;
				DEBUG_INFORMATION_FORMAT = dwarf;
				ENABLE_STRICT_OBJC_MSGSEND = YES;
				ENABLE_TESTABILITY = YES;
				GCC_C_LANGUAGE_STANDARD = gnu99;
				GCC_DYNAMIC_NO_PIC = NO;
				GCC_NO_COMMON_BLOCKS = YES;
				GCC_OPTIMIZATION_LEVEL = 0;
				GCC_PREPROCESSOR_DEFINITIONS = (
					"DEBUG=1",
					"$(inherited)",
				);
				GCC_WARN_64_TO_32_BIT_CONVERSION = YES;
				GCC_WARN_ABOUT_RETURN_TYPE = YES_ERROR;
				GCC_WARN_UNDECLARED_SELECTOR = YES;
				GCC_WARN_UNINITIALIZED_AUTOS = YES_AGGRESSIVE;
				GCC_WARN_UNUSED_FUNCTION = YES;
				GCC_WARN_UNUSED_VARIABLE = YES;
				IPHONEOS_DEPLOYMENT_TARGET = 10.3;
				MTL_ENABLE_DEBUG_INFO = YES;
				ONLY_ACTIVE_ARCH = YES;
				SDKROOT = iphoneos;
			};
			name = Debug;
		};
		F08E12011F78DBD4005DE5F9 /* Release */ = {
			isa = XCBuildConfiguration;
			buildSettings = {
				ALWAYS_SEARCH_USER_PATHS = NO;
				CLANG_ANALYZER_NONNULL = YES;
				CLANG_ANALYZER_NUMBER_OBJECT_CONVERSION = YES_AGGRESSIVE;
				CLANG_CXX_LANGUAGE_STANDARD = "gnu++0x";
				CLANG_CXX_LIBRARY = "libc++";
				CLANG_ENABLE_MODULES = YES;
				CLANG_ENABLE_OBJC_ARC = YES;
				CLANG_WARN_BOOL_CONVERSION = YES;
				CLANG_WARN_CONSTANT_CONVERSION = YES;
				CLANG_WARN_DIRECT_OBJC_ISA_USAGE = YES_ERROR;
				CLANG_WARN_DOCUMENTATION_COMMENTS = YES;
				CLANG_WARN_EMPTY_BODY = YES;
				CLANG_WARN_ENUM_CONVERSION = YES;
				CLANG_WARN_INFINITE_RECURSION = YES;
				CLANG_WARN_INT_CONVERSION = YES;
				CLANG_WARN_OBJC_ROOT_CLASS = YES_ERROR;
				CLANG_WARN_SUSPICIOUS_MOVE = YES;
				CLANG_WARN_UNREACHABLE_CODE = YES;
				CLANG_WARN__DUPLICATE_METHOD_MATCH = YES;
				"CODE_SIGN_IDENTITY[sdk=iphoneos*]" = "iPhone Developer";
				COPY_PHASE_STRIP = NO;
				DEBUG_INFORMATION_FORMAT = "dwarf-with-dsym";
				ENABLE_NS_ASSERTIONS = NO;
				ENABLE_STRICT_OBJC_MSGSEND = YES;
				GCC_C_LANGUAGE_STANDARD = gnu99;
				GCC_NO_COMMON_BLOCKS = YES;
				GCC_WARN_64_TO_32_BIT_CONVERSION = YES;
				GCC_WARN_ABOUT_RETURN_TYPE = YES_ERROR;
				GCC_WARN_UNDECLARED_SELECTOR = YES;
				GCC_WARN_UNINITIALIZED_AUTOS = YES_AGGRESSIVE;
				GCC_WARN_UNUSED_FUNCTION = YES;
				GCC_WARN_UNUSED_VARIABLE = YES;
				IPHONEOS_DEPLOYMENT_TARGET = 10.3;
				MTL_ENABLE_DEBUG_INFO = NO;
				SDKROOT = iphoneos;
				VALIDATE_PRODUCT = YES;
			};
			name = Release;
		};
		F08E12031F78DBD4005DE5F9 /* Debug */ = {
			isa = XCBuildConfiguration;
			buildSettings = {
				ASSETCATALOG_COMPILER_APPICON_NAME = AppIcon;
				INFOPLIST_FILE = KnowledgePoint/Info.plist;
				IPHONEOS_DEPLOYMENT_TARGET = 8.0;
				LD_RUNPATH_SEARCH_PATHS = "$(inherited) @executable_path/Frameworks";
				PRODUCT_BUNDLE_IDENTIFIER = onzxgway.KnowledgePoint;
				PRODUCT_NAME = "$(TARGET_NAME)";
			};
			name = Debug;
		};
		F08E12041F78DBD4005DE5F9 /* Release */ = {
			isa = XCBuildConfiguration;
			buildSettings = {
				ASSETCATALOG_COMPILER_APPICON_NAME = AppIcon;
				INFOPLIST_FILE = KnowledgePoint/Info.plist;
				IPHONEOS_DEPLOYMENT_TARGET = 8.0;
				LD_RUNPATH_SEARCH_PATHS = "$(inherited) @executable_path/Frameworks";
				PRODUCT_BUNDLE_IDENTIFIER = onzxgway.KnowledgePoint;
				PRODUCT_NAME = "$(TARGET_NAME)";
			};
			name = Release;
		};
		F08E12451F78DDB2005DE5F9 /* Debug */ = {
			isa = XCBuildConfiguration;
			buildSettings = {
				ASSETCATALOG_COMPILER_APPICON_NAME = AppIcon;
				INFOPLIST_FILE = Copy/Info.plist;
				LD_RUNPATH_SEARCH_PATHS = "$(inherited) @executable_path/Frameworks";
				PRODUCT_BUNDLE_IDENTIFIER = onzxgway.Copy;
				PRODUCT_NAME = "$(TARGET_NAME)";
			};
			name = Debug;
		};
		F08E12461F78DDB2005DE5F9 /* Release */ = {
			isa = XCBuildConfiguration;
			buildSettings = {
				ASSETCATALOG_COMPILER_APPICON_NAME = AppIcon;
				INFOPLIST_FILE = Copy/Info.plist;
				LD_RUNPATH_SEARCH_PATHS = "$(inherited) @executable_path/Frameworks";
				PRODUCT_BUNDLE_IDENTIFIER = onzxgway.Copy;
				PRODUCT_NAME = "$(TARGET_NAME)";
			};
			name = Release;
		};
		F08E12741F78E01F005DE5F9 /* Debug */ = {
			isa = XCBuildConfiguration;
			buildSettings = {
				ASSETCATALOG_COMPILER_APPICON_NAME = AppIcon;
				INFOPLIST_FILE = "多线程/Info.plist";
				LD_RUNPATH_SEARCH_PATHS = "$(inherited) @executable_path/Frameworks";
				PRODUCT_BUNDLE_IDENTIFIER = "onzxgway.---";
				PRODUCT_NAME = "$(TARGET_NAME)";
			};
			name = Debug;
		};
		F08E12751F78E01F005DE5F9 /* Release */ = {
			isa = XCBuildConfiguration;
			buildSettings = {
				ASSETCATALOG_COMPILER_APPICON_NAME = AppIcon;
				INFOPLIST_FILE = "多线程/Info.plist";
				LD_RUNPATH_SEARCH_PATHS = "$(inherited) @executable_path/Frameworks";
				PRODUCT_BUNDLE_IDENTIFIER = "onzxgway.---";
				PRODUCT_NAME = "$(TARGET_NAME)";
			};
			name = Release;
		};
		F0B7B7341F8B49FD00B89EFE /* Debug */ = {
			isa = XCBuildConfiguration;
			buildSettings = {
				ASSETCATALOG_COMPILER_APPICON_NAME = AppIcon;
				CLANG_CXX_LANGUAGE_STANDARD = "gnu++14";
				CLANG_WARN_BLOCK_CAPTURE_AUTORELEASING = YES;
				CLANG_WARN_COMMA = YES;
				CLANG_WARN_NON_LITERAL_NULL_CONVERSION = YES;
				CLANG_WARN_OBJC_LITERAL_CONVERSION = YES;
				CLANG_WARN_RANGE_LOOP_ANALYSIS = YES;
				CLANG_WARN_STRICT_PROTOTYPES = YES;
				CLANG_WARN_UNGUARDED_AVAILABILITY = YES_AGGRESSIVE;
				CODE_SIGN_IDENTITY = "iPhone Developer";
				CODE_SIGN_STYLE = Automatic;
				DEVELOPMENT_TEAM = C7QWF37U49;
				GCC_C_LANGUAGE_STANDARD = gnu11;
				GCC_PRECOMPILE_PREFIX_HEADER = YES;
				GCC_PREFIX_HEADER = ZXGConfuse/ZXGConfuse.pch;
				INFOPLIST_FILE = ZXGConfuse/Info.plist;
				IPHONEOS_DEPLOYMENT_TARGET = 8.0;
				LD_RUNPATH_SEARCH_PATHS = "$(inherited) @executable_path/Frameworks";
				PRODUCT_BUNDLE_IDENTIFIER = cn.anmav.iPadOrder;
				PRODUCT_NAME = "$(TARGET_NAME)";
				TARGETED_DEVICE_FAMILY = "1,2";
			};
			name = Debug;
		};
		F0B7B7351F8B49FD00B89EFE /* Release */ = {
			isa = XCBuildConfiguration;
			buildSettings = {
				ASSETCATALOG_COMPILER_APPICON_NAME = AppIcon;
				CLANG_CXX_LANGUAGE_STANDARD = "gnu++14";
				CLANG_WARN_BLOCK_CAPTURE_AUTORELEASING = YES;
				CLANG_WARN_COMMA = YES;
				CLANG_WARN_NON_LITERAL_NULL_CONVERSION = YES;
				CLANG_WARN_OBJC_LITERAL_CONVERSION = YES;
				CLANG_WARN_RANGE_LOOP_ANALYSIS = YES;
				CLANG_WARN_STRICT_PROTOTYPES = YES;
				CLANG_WARN_UNGUARDED_AVAILABILITY = YES_AGGRESSIVE;
				CODE_SIGN_IDENTITY = "iPhone Developer";
				CODE_SIGN_STYLE = Automatic;
				DEVELOPMENT_TEAM = C7QWF37U49;
				GCC_C_LANGUAGE_STANDARD = gnu11;
				GCC_PRECOMPILE_PREFIX_HEADER = YES;
				GCC_PREFIX_HEADER = ZXGConfuse/ZXGConfuse.pch;
				INFOPLIST_FILE = ZXGConfuse/Info.plist;
				IPHONEOS_DEPLOYMENT_TARGET = 8.0;
				LD_RUNPATH_SEARCH_PATHS = "$(inherited) @executable_path/Frameworks";
				PRODUCT_BUNDLE_IDENTIFIER = cn.anmav.iPadOrder;
				PRODUCT_NAME = "$(TARGET_NAME)";
				TARGETED_DEVICE_FAMILY = "1,2";
			};
			name = Release;
		};
/* End XCBuildConfiguration section */

/* Begin XCConfigurationList section */
		F08E11DB1F78DBD3005DE5F9 /* Build configuration list for PBXProject "KnowledgePoint" */ = {
			isa = XCConfigurationList;
			buildConfigurations = (
				F08E12001F78DBD4005DE5F9 /* Debug */,
				F08E12011F78DBD4005DE5F9 /* Release */,
			);
			defaultConfigurationIsVisible = 0;
			defaultConfigurationName = Release;
		};
		F08E12021F78DBD4005DE5F9 /* Build configuration list for PBXNativeTarget "KnowledgePoint" */ = {
			isa = XCConfigurationList;
			buildConfigurations = (
				F08E12031F78DBD4005DE5F9 /* Debug */,
				F08E12041F78DBD4005DE5F9 /* Release */,
			);
			defaultConfigurationIsVisible = 0;
			defaultConfigurationName = Release;
		};
		F08E12441F78DDB2005DE5F9 /* Build configuration list for PBXNativeTarget "Copy" */ = {
			isa = XCConfigurationList;
			buildConfigurations = (
				F08E12451F78DDB2005DE5F9 /* Debug */,
				F08E12461F78DDB2005DE5F9 /* Release */,
			);
			defaultConfigurationIsVisible = 0;
			defaultConfigurationName = Release;
		};
		F08E12731F78E01F005DE5F9 /* Build configuration list for PBXNativeTarget "多线程" */ = {
			isa = XCConfigurationList;
			buildConfigurations = (
				F08E12741F78E01F005DE5F9 /* Debug */,
				F08E12751F78E01F005DE5F9 /* Release */,
			);
			defaultConfigurationIsVisible = 0;
			defaultConfigurationName = Release;
		};
		F0B7B7361F8B49FD00B89EFE /* Build configuration list for PBXNativeTarget "ZXGConfuse" */ = {
			isa = XCConfigurationList;
			buildConfigurations = (
				F0B7B7341F8B49FD00B89EFE /* Debug */,
				F0B7B7351F8B49FD00B89EFE /* Release */,
			);
			defaultConfigurationIsVisible = 0;
			defaultConfigurationName = Release;
		};
/* End XCConfigurationList section */
	};
	rootObject = F08E11D81F78DBD3005DE5F9 /* Project object */;
}
