// !$*UTF8*$!
{
	archiveVersion = 1;
	classes = {
	};
	objectVersion = 46;
	objects = {

/* Begin PBXBuildFile section */
		040E8C2C1F90950B009B2056 /* SVIndefiniteAnimatedView.m in Sources */ = {isa = PBXBuildFile; fileRef = 040E8C241F90950B009B2056 /* SVIndefiniteAnimatedView.m */; };
		040E8C2D1F90950B009B2056 /* SVProgressAnimatedView.m in Sources */ = {isa = PBXBuildFile; fileRef = 040E8C261F90950B009B2056 /* SVProgressAnimatedView.m */; };
		040E8C2E1F90950B009B2056 /* SVProgressHUD.bundle in Resources */ = {isa = PBXBuildFile; fileRef = 040E8C271F90950B009B2056 /* SVProgressHUD.bundle */; };
		040E8C2F1F90950B009B2056 /* SVProgressHUD.m in Sources */ = {isa = PBXBuildFile; fileRef = 040E8C291F90950B009B2056 /* SVProgressHUD.m */; };
		040E8C301F90950B009B2056 /* SVRadialGradientLayer.m in Sources */ = {isa = PBXBuildFile; fileRef = 040E8C2B1F90950B009B2056 /* SVRadialGradientLayer.m */; };
		F02CB4051F75284000A905E3 /* AppDelegate.m in Sources */ = {isa = PBXBuildFile; fileRef = F02CB3FB1F75284000A905E3 /* AppDelegate.m */; };
		F02CB4061F75284000A905E3 /* GenerateQRCodeController.m in Sources */ = {isa = PBXBuildFile; fileRef = F02CB3FE1F75284000A905E3 /* GenerateQRCodeController.m */; };
		F02CB4071F75284000A905E3 /* ScanQRCodeController.m in Sources */ = {isa = PBXBuildFile; fileRef = F02CB4001F75284000A905E3 /* ScanQRCodeController.m */; };
		F02CB4081F75284000A905E3 /* ZXGQRCodeLoadingView.m in Sources */ = {isa = PBXBuildFile; fileRef = F02CB4021F75284000A905E3 /* ZXGQRCodeLoadingView.m */; };
		F02CB4091F75284000A905E3 /* ViewController.m in Sources */ = {isa = PBXBuildFile; fileRef = F02CB4041F75284000A905E3 /* ViewController.m */; };
		F02CB4221F7528DC00A905E3 /* ZXGConst.m in Sources */ = {isa = PBXBuildFile; fileRef = F02CB41A1F7528DC00A905E3 /* ZXGConst.m */; };
		F02CB4231F7528DC00A905E3 /* ZXGQRCodeConfig.m in Sources */ = {isa = PBXBuildFile; fileRef = F02CB41D1F7528DC00A905E3 /* ZXGQRCodeConfig.m */; };
		F02CB4241F7528DC00A905E3 /* ZXGQRCodeScanView.m in Sources */ = {isa = PBXBuildFile; fileRef = F02CB41F1F7528DC00A905E3 /* ZXGQRCodeScanView.m */; };
		F02CB4251F7528DC00A905E3 /* ZXGQRCodeTool.m in Sources */ = {isa = PBXBuildFile; fileRef = F02CB4211F7528DC00A905E3 /* ZXGQRCodeTool.m */; };
		F02CB4271F7529D100A905E3 /* Main.storyboard in Resources */ = {isa = PBXBuildFile; fileRef = F02CB4261F7529D100A905E3 /* Main.storyboard */; };
		F0501F2A1F75274200C93A0C /* main.m in Sources */ = {isa = PBXBuildFile; fileRef = F0501F291F75274200C93A0C /* main.m */; };
		F0501F351F75274200C93A0C /* Assets.xcassets in Resources */ = {isa = PBXBuildFile; fileRef = F0501F341F75274200C93A0C /* Assets.xcassets */; };
		F0501F381F75274200C93A0C /* LaunchScreen.storyboard in Resources */ = {isa = PBXBuildFile; fileRef = F0501F361F75274200C93A0C /* LaunchScreen.storyboard */; };
		F0501F431F75274300C93A0C /* ZXGQRCodeExampleTests.m in Sources */ = {isa = PBXBuildFile; fileRef = F0501F421F75274300C93A0C /* ZXGQRCodeExampleTests.m */; };
		F0930F491F77EB2F00C0CBA6 /* ZXGQRCode.bundle in Resources */ = {isa = PBXBuildFile; fileRef = F0930F481F77EB2F00C0CBA6 /* ZXGQRCode.bundle */; };
/* End PBXBuildFile section */

/* Begin PBXContainerItemProxy section */
		F0501F3F1F75274300C93A0C /* PBXContainerItemProxy */ = {
			isa = PBXContainerItemProxy;
			containerPortal = F0501F1D1F75274200C93A0C /* Project object */;
			proxyType = 1;
			remoteGlobalIDString = F0501F241F75274200C93A0C;
			remoteInfo = ZXGQRCodeExample;
		};
/* End PBXContainerItemProxy section */

/* Begin PBXFileReference section */
		040E8C231F90950B009B2056 /* SVIndefiniteAnimatedView.h */ = {isa = PBXFileReference; fileEncoding = 4; lastKnownFileType = sourcecode.c.h; path = SVIndefiniteAnimatedView.h; sourceTree = "<group>"; };
		040E8C241F90950B009B2056 /* SVIndefiniteAnimatedView.m */ = {isa = PBXFileReference; fileEncoding = 4; lastKnownFileType = sourcecode.c.objc; path = SVIndefiniteAnimatedView.m; sourceTree = "<group>"; };
		040E8C251F90950B009B2056 /* SVProgressAnimatedView.h */ = {isa = PBXFileReference; fileEncoding = 4; lastKnownFileType = sourcecode.c.h; path = SVProgressAnimatedView.h; sourceTree = "<group>"; };
		040E8C261F90950B009B2056 /* SVProgressAnimatedView.m */ = {isa = PBXFileReference; fileEncoding = 4; lastKnownFileType = sourcecode.c.objc; path = SVProgressAnimatedView.m; sourceTree = "<group>"; };
		040E8C271F90950B009B2056 /* SVProgressHUD.bundle */ = {isa = PBXFileReference; lastKnownFileType = "wrapper.plug-in"; path = SVProgressHUD.bundle; sourceTree = "<group>"; };
		040E8C281F90950B009B2056 /* SVProgressHUD.h */ = {isa = PBXFileReference; fileEncoding = 4; lastKnownFileType = sourcecode.c.h; path = SVProgressHUD.h; sourceTree = "<group>"; };
		040E8C291F90950B009B2056 /* SVProgressHUD.m */ = {isa = PBXFileReference; fileEncoding = 4; lastKnownFileType = sourcecode.c.objc; path = SVProgressHUD.m; sourceTree = "<group>"; };
		040E8C2A1F90950B009B2056 /* SVRadialGradientLayer.h */ = {isa = PBXFileReference; fileEncoding = 4; lastKnownFileType = sourcecode.c.h; path = SVRadialGradientLayer.h; sourceTree = "<group>"; };
		040E8C2B1F90950B009B2056 /* SVRadialGradientLayer.m */ = {isa = PBXFileReference; fileEncoding = 4; lastKnownFileType = sourcecode.c.objc; path = SVRadialGradientLayer.m; sourceTree = "<group>"; };
		F02CB3FA1F75284000A905E3 /* AppDelegate.h */ = {isa = PBXFileReference; fileEncoding = 4; lastKnownFileType = sourcecode.c.h; path = AppDelegate.h; sourceTree = "<group>"; };
		F02CB3FB1F75284000A905E3 /* AppDelegate.m */ = {isa = PBXFileReference; fileEncoding = 4; lastKnownFileType = sourcecode.c.objc; path = AppDelegate.m; sourceTree = "<group>"; };
		F02CB3FD1F75284000A905E3 /* GenerateQRCodeController.h */ = {isa = PBXFileReference; fileEncoding = 4; lastKnownFileType = sourcecode.c.h; path = GenerateQRCodeController.h; sourceTree = "<group>"; };
		F02CB3FE1F75284000A905E3 /* GenerateQRCodeController.m */ = {isa = PBXFileReference; fileEncoding = 4; lastKnownFileType = sourcecode.c.objc; path = GenerateQRCodeController.m; sourceTree = "<group>"; };
		F02CB3FF1F75284000A905E3 /* ScanQRCodeController.h */ = {isa = PBXFileReference; fileEncoding = 4; lastKnownFileType = sourcecode.c.h; path = ScanQRCodeController.h; sourceTree = "<group>"; };
		F02CB4001F75284000A905E3 /* ScanQRCodeController.m */ = {isa = PBXFileReference; fileEncoding = 4; lastKnownFileType = sourcecode.c.objc; path = ScanQRCodeController.m; sourceTree = "<group>"; };
		F02CB4011F75284000A905E3 /* ZXGQRCodeLoadingView.h */ = {isa = PBXFileReference; fileEncoding = 4; lastKnownFileType = sourcecode.c.h; path = ZXGQRCodeLoadingView.h; sourceTree = "<group>"; };
		F02CB4021F75284000A905E3 /* ZXGQRCodeLoadingView.m */ = {isa = PBXFileReference; fileEncoding = 4; lastKnownFileType = sourcecode.c.objc; path = ZXGQRCodeLoadingView.m; sourceTree = "<group>"; };
		F02CB4031F75284000A905E3 /* ViewController.h */ = {isa = PBXFileReference; fileEncoding = 4; lastKnownFileType = sourcecode.c.h; path = ViewController.h; sourceTree = "<group>"; };
		F02CB4041F75284000A905E3 /* ViewController.m */ = {isa = PBXFileReference; fileEncoding = 4; lastKnownFileType = sourcecode.c.objc; path = ViewController.m; sourceTree = "<group>"; };
		F02CB4191F7528DC00A905E3 /* ZXGConst.h */ = {isa = PBXFileReference; fileEncoding = 4; lastKnownFileType = sourcecode.c.h; path = ZXGConst.h; sourceTree = "<group>"; };
		F02CB41A1F7528DC00A905E3 /* ZXGConst.m */ = {isa = PBXFileReference; fileEncoding = 4; lastKnownFileType = sourcecode.c.objc; path = ZXGConst.m; sourceTree = "<group>"; };
		F02CB41B1F7528DC00A905E3 /* ZXGQRCode.h */ = {isa = PBXFileReference; fileEncoding = 4; lastKnownFileType = sourcecode.c.h; path = ZXGQRCode.h; sourceTree = "<group>"; };
		F02CB41C1F7528DC00A905E3 /* ZXGQRCodeConfig.h */ = {isa = PBXFileReference; fileEncoding = 4; lastKnownFileType = sourcecode.c.h; path = ZXGQRCodeConfig.h; sourceTree = "<group>"; };
		F02CB41D1F7528DC00A905E3 /* ZXGQRCodeConfig.m */ = {isa = PBXFileReference; fileEncoding = 4; lastKnownFileType = sourcecode.c.objc; path = ZXGQRCodeConfig.m; sourceTree = "<group>"; };
		F02CB41E1F7528DC00A905E3 /* ZXGQRCodeScanView.h */ = {isa = PBXFileReference; fileEncoding = 4; lastKnownFileType = sourcecode.c.h; path = ZXGQRCodeScanView.h; sourceTree = "<group>"; };
		F02CB41F1F7528DC00A905E3 /* ZXGQRCodeScanView.m */ = {isa = PBXFileReference; fileEncoding = 4; lastKnownFileType = sourcecode.c.objc; path = ZXGQRCodeScanView.m; sourceTree = "<group>"; };
		F02CB4201F7528DC00A905E3 /* ZXGQRCodeTool.h */ = {isa = PBXFileReference; fileEncoding = 4; lastKnownFileType = sourcecode.c.h; path = ZXGQRCodeTool.h; sourceTree = "<group>"; };
		F02CB4211F7528DC00A905E3 /* ZXGQRCodeTool.m */ = {isa = PBXFileReference; fileEncoding = 4; lastKnownFileType = sourcecode.c.objc; path = ZXGQRCodeTool.m; sourceTree = "<group>"; };
		F02CB4261F7529D100A905E3 /* Main.storyboard */ = {isa = PBXFileReference; fileEncoding = 4; lastKnownFileType = file.storyboard; path = Main.storyboard; sourceTree = "<group>"; };
		F0501F251F75274200C93A0C /* ZXGQRCodeExample.app */ = {isa = PBXFileReference; explicitFileType = wrapper.application; includeInIndex = 0; path = ZXGQRCodeExample.app; sourceTree = BUILT_PRODUCTS_DIR; };
		F0501F291F75274200C93A0C /* main.m */ = {isa = PBXFileReference; lastKnownFileType = sourcecode.c.objc; path = main.m; sourceTree = "<group>"; };
		F0501F341F75274200C93A0C /* Assets.xcassets */ = {isa = PBXFileReference; lastKnownFileType = folder.assetcatalog; path = Assets.xcassets; sourceTree = "<group>"; };
		F0501F371F75274200C93A0C /* Base */ = {isa = PBXFileReference; lastKnownFileType = file.storyboard; name = Base; path = Base.lproj/LaunchScreen.storyboard; sourceTree = "<group>"; };
		F0501F391F75274200C93A0C /* Info.plist */ = {isa = PBXFileReference; lastKnownFileType = text.plist.xml; path = Info.plist; sourceTree = "<group>"; };
		F0501F3E1F75274300C93A0C /* ZXGQRCodeExampleTests.xctest */ = {isa = PBXFileReference; explicitFileType = wrapper.cfbundle; includeInIndex = 0; path = ZXGQRCodeExampleTests.xctest; sourceTree = BUILT_PRODUCTS_DIR; };
		F0501F421F75274300C93A0C /* ZXGQRCodeExampleTests.m */ = {isa = PBXFileReference; lastKnownFileType = sourcecode.c.objc; path = ZXGQRCodeExampleTests.m; sourceTree = "<group>"; };
		F0501F441F75274300C93A0C /* Info.plist */ = {isa = PBXFileReference; lastKnownFileType = text.plist.xml; path = Info.plist; sourceTree = "<group>"; };
		F0930F481F77EB2F00C0CBA6 /* ZXGQRCode.bundle */ = {isa = PBXFileReference; lastKnownFileType = "wrapper.plug-in"; path = ZXGQRCode.bundle; sourceTree = "<group>"; };
/* End PBXFileReference section */

/* Begin PBXFrameworksBuildPhase section */
		F0501F221F75274200C93A0C /* Frameworks */ = {
			isa = PBXFrameworksBuildPhase;
			buildActionMask = 2147483647;
			files = (
			);
			runOnlyForDeploymentPostprocessing = 0;
		};
		F0501F3B1F75274300C93A0C /* Frameworks */ = {
			isa = PBXFrameworksBuildPhase;
			buildActionMask = 2147483647;
			files = (
			);
			runOnlyForDeploymentPostprocessing = 0;
		};
/* End PBXFrameworksBuildPhase section */

/* Begin PBXGroup section */
		040E8C221F90950B009B2056 /* SVProgressHUD */ = {
			isa = PBXGroup;
			children = (
				040E8C231F90950B009B2056 /* SVIndefiniteAnimatedView.h */,
				040E8C241F90950B009B2056 /* SVIndefiniteAnimatedView.m */,
				040E8C251F90950B009B2056 /* SVProgressAnimatedView.h */,
				040E8C261F90950B009B2056 /* SVProgressAnimatedView.m */,
				040E8C271F90950B009B2056 /* SVProgressHUD.bundle */,
				040E8C281F90950B009B2056 /* SVProgressHUD.h */,
				040E8C291F90950B009B2056 /* SVProgressHUD.m */,
				040E8C2A1F90950B009B2056 /* SVRadialGradientLayer.h */,
				040E8C2B1F90950B009B2056 /* SVRadialGradientLayer.m */,
			);
			path = SVProgressHUD;
			sourceTree = "<group>";
		};
		F02CB3F91F75284000A905E3 /* Classes */ = {
			isa = PBXGroup;
			children = (
				040E8C221F90950B009B2056 /* SVProgressHUD */,
				F02CB3FC1F75284000A905E3 /* Example */,
				F02CB3FA1F75284000A905E3 /* AppDelegate.h */,
				F02CB3FB1F75284000A905E3 /* AppDelegate.m */,
				F02CB4031F75284000A905E3 /* ViewController.h */,
				F02CB4041F75284000A905E3 /* ViewController.m */,
				F02CB4261F7529D100A905E3 /* Main.storyboard */,
				F0501F361F75274200C93A0C /* LaunchScreen.storyboard */,
			);
			path = Classes;
			sourceTree = "<group>";
		};
		F02CB3FC1F75284000A905E3 /* Example */ = {
			isa = PBXGroup;
			children = (
				F02CB3FD1F75284000A905E3 /* GenerateQRCodeController.h */,
				F02CB3FE1F75284000A905E3 /* GenerateQRCodeController.m */,
				F02CB3FF1F75284000A905E3 /* ScanQRCodeController.h */,
				F02CB4001F75284000A905E3 /* ScanQRCodeController.m */,
				F02CB4011F75284000A905E3 /* ZXGQRCodeLoadingView.h */,
				F02CB4021F75284000A905E3 /* ZXGQRCodeLoadingView.m */,
			);
			path = Example;
			sourceTree = "<group>";
		};
		F02CB4181F7528DC00A905E3 /* ZXGQRCode */ = {
			isa = PBXGroup;
			children = (
				F02CB4191F7528DC00A905E3 /* ZXGConst.h */,
				F02CB41A1F7528DC00A905E3 /* ZXGConst.m */,
				F02CB41B1F7528DC00A905E3 /* ZXGQRCode.h */,
				F02CB41C1F7528DC00A905E3 /* ZXGQRCodeConfig.h */,
				F02CB41D1F7528DC00A905E3 /* ZXGQRCodeConfig.m */,
				F02CB41E1F7528DC00A905E3 /* ZXGQRCodeScanView.h */,
				F02CB41F1F7528DC00A905E3 /* ZXGQRCodeScanView.m */,
				F02CB4201F7528DC00A905E3 /* ZXGQRCodeTool.h */,
				F02CB4211F7528DC00A905E3 /* ZXGQRCodeTool.m */,
				F0930F481F77EB2F00C0CBA6 /* ZXGQRCode.bundle */,
			);
			path = ZXGQRCode;
			sourceTree = SOURCE_ROOT;
		};
		F0501F1C1F75274200C93A0C = {
			isa = PBXGroup;
			children = (
				F0501F271F75274200C93A0C /* ZXGQRCodeExample */,
				F0501F411F75274300C93A0C /* ZXGQRCodeExampleTests */,
				F0501F261F75274200C93A0C /* Products */,
			);
			sourceTree = "<group>";
		};
		F0501F261F75274200C93A0C /* Products */ = {
			isa = PBXGroup;
			children = (
				F0501F251F75274200C93A0C /* ZXGQRCodeExample.app */,
				F0501F3E1F75274300C93A0C /* ZXGQRCodeExampleTests.xctest */,
			);
			name = Products;
			sourceTree = "<group>";
		};
		F0501F271F75274200C93A0C /* ZXGQRCodeExample */ = {
			isa = PBXGroup;
			children = (
				F02CB4181F7528DC00A905E3 /* ZXGQRCode */,
				F02CB3F91F75284000A905E3 /* Classes */,
				F0501F281F75274200C93A0C /* Supporting Files */,
			);
			path = ZXGQRCodeExample;
			sourceTree = "<group>";
		};
		F0501F281F75274200C93A0C /* Supporting Files */ = {
			isa = PBXGroup;
			children = (
				F0501F341F75274200C93A0C /* Assets.xcassets */,
				F0501F391F75274200C93A0C /* Info.plist */,
				F0501F291F75274200C93A0C /* main.m */,
			);
			name = "Supporting Files";
			sourceTree = "<group>";
		};
		F0501F411F75274300C93A0C /* ZXGQRCodeExampleTests */ = {
			isa = PBXGroup;
			children = (
				F0501F421F75274300C93A0C /* ZXGQRCodeExampleTests.m */,
				F0501F441F75274300C93A0C /* Info.plist */,
			);
			path = ZXGQRCodeExampleTests;
			sourceTree = "<group>";
		};
/* End PBXGroup section */

/* Begin PBXNativeTarget section */
		F0501F241F75274200C93A0C /* ZXGQRCodeExample */ = {
			isa = PBXNativeTarget;
			buildConfigurationList = F0501F521F75274300C93A0C /* Build configuration list for PBXNativeTarget "ZXGQRCodeExample" */;
			buildPhases = (
				F0501F211F75274200C93A0C /* Sources */,
				F0501F221F75274200C93A0C /* Frameworks */,
				F0501F231F75274200C93A0C /* Resources */,
			);
			buildRules = (
			);
			dependencies = (
			);
			name = ZXGQRCodeExample;
			productName = ZXGQRCodeExample;
			productReference = F0501F251F75274200C93A0C /* ZXGQRCodeExample.app */;
			productType = "com.apple.product-type.application";
		};
		F0501F3D1F75274300C93A0C /* ZXGQRCodeExampleTests */ = {
			isa = PBXNativeTarget;
			buildConfigurationList = F0501F551F75274300C93A0C /* Build configuration list for PBXNativeTarget "ZXGQRCodeExampleTests" */;
			buildPhases = (
				F0501F3A1F75274300C93A0C /* Sources */,
				F0501F3B1F75274300C93A0C /* Frameworks */,
				F0501F3C1F75274300C93A0C /* Resources */,
			);
			buildRules = (
			);
			dependencies = (
				F0501F401F75274300C93A0C /* PBXTargetDependency */,
			);
			name = ZXGQRCodeExampleTests;
			productName = ZXGQRCodeExampleTests;
			productReference = F0501F3E1F75274300C93A0C /* ZXGQRCodeExampleTests.xctest */;
			productType = "com.apple.product-type.bundle.unit-test";
		};
/* End PBXNativeTarget section */

/* Begin PBXProject section */
		F0501F1D1F75274200C93A0C /* Project object */ = {
			isa = PBXProject;
			attributes = {
				LastUpgradeCheck = 0830;
				ORGANIZATIONNAME = onzxgway;
				TargetAttributes = {
					F0501F241F75274200C93A0C = {
						CreatedOnToolsVersion = 8.3.1;
						DevelopmentTeam = C7QWF37U49;
						ProvisioningStyle = Automatic;
					};
					F0501F3D1F75274300C93A0C = {
						CreatedOnToolsVersion = 8.3.1;
						ProvisioningStyle = Automatic;
						TestTargetID = F0501F241F75274200C93A0C;
					};
				};
			};
			buildConfigurationList = F0501F201F75274200C93A0C /* Build configuration list for PBXProject "ZXGQRCodeExample" */;
			compatibilityVersion = "Xcode 3.2";
			developmentRegion = English;
			hasScannedForEncodings = 0;
			knownRegions = (
				en,
				Base,
			);
			mainGroup = F0501F1C1F75274200C93A0C;
			productRefGroup = F0501F261F75274200C93A0C /* Products */;
			projectDirPath = "";
			projectRoot = "";
			targets = (
				F0501F241F75274200C93A0C /* ZXGQRCodeExample */,
				F0501F3D1F75274300C93A0C /* ZXGQRCodeExampleTests */,
			);
		};
/* End PBXProject section */

/* Begin PBXResourcesBuildPhase section */
		F0501F231F75274200C93A0C /* Resources */ = {
			isa = PBXResourcesBuildPhase;
			buildActionMask = 2147483647;
			files = (
				040E8C2E1F90950B009B2056 /* SVProgressHUD.bundle in Resources */,
				F0501F381F75274200C93A0C /* LaunchScreen.storyboard in Resources */,
				F0501F351F75274200C93A0C /* Assets.xcassets in Resources */,
				F02CB4271F7529D100A905E3 /* Main.storyboard in Resources */,
				F0930F491F77EB2F00C0CBA6 /* ZXGQRCode.bundle in Resources */,
			);
			runOnlyForDeploymentPostprocessing = 0;
		};
		F0501F3C1F75274300C93A0C /* Resources */ = {
			isa = PBXResourcesBuildPhase;
			buildActionMask = 2147483647;
			files = (
			);
			runOnlyForDeploymentPostprocessing = 0;
		};
/* End PBXResourcesBuildPhase section */

/* Begin PBXSourcesBuildPhase section */
		F0501F211F75274200C93A0C /* Sources */ = {
			isa = PBXSourcesBuildPhase;
			buildActionMask = 2147483647;
			files = (
				F02CB4221F7528DC00A905E3 /* ZXGConst.m in Sources */,
				F02CB4231F7528DC00A905E3 /* ZXGQRCodeConfig.m in Sources */,
				F02CB4241F7528DC00A905E3 /* ZXGQRCodeScanView.m in Sources */,
				F02CB4081F75284000A905E3 /* ZXGQRCodeLoadingView.m in Sources */,
				F02CB4071F75284000A905E3 /* ScanQRCodeController.m in Sources */,
				F0501F2A1F75274200C93A0C /* main.m in Sources */,
				F02CB4091F75284000A905E3 /* ViewController.m in Sources */,
				040E8C301F90950B009B2056 /* SVRadialGradientLayer.m in Sources */,
				F02CB4051F75284000A905E3 /* AppDelegate.m in Sources */,
				F02CB4061F75284000A905E3 /* GenerateQRCodeController.m in Sources */,
				040E8C2F1F90950B009B2056 /* SVProgressHUD.m in Sources */,
				040E8C2C1F90950B009B2056 /* SVIndefiniteAnimatedView.m in Sources */,
				F02CB4251F7528DC00A905E3 /* ZXGQRCodeTool.m in Sources */,
				040E8C2D1F90950B009B2056 /* SVProgressAnimatedView.m in Sources */,
			);
			runOnlyForDeploymentPostprocessing = 0;
		};
		F0501F3A1F75274300C93A0C /* Sources */ = {
			isa = PBXSourcesBuildPhase;
			buildActionMask = 2147483647;
			files = (
				F0501F431F75274300C93A0C /* ZXGQRCodeExampleTests.m in Sources */,
			);
			runOnlyForDeploymentPostprocessing = 0;
		};
/* End PBXSourcesBuildPhase section */

/* Begin PBXTargetDependency section */
		F0501F401F75274300C93A0C /* PBXTargetDependency */ = {
			isa = PBXTargetDependency;
			target = F0501F241F75274200C93A0C /* ZXGQRCodeExample */;
			targetProxy = F0501F3F1F75274300C93A0C /* PBXContainerItemProxy */;
		};
/* End PBXTargetDependency section */

/* Begin PBXVariantGroup section */
		F0501F361F75274200C93A0C /* LaunchScreen.storyboard */ = {
			isa = PBXVariantGroup;
			children = (
				F0501F371F75274200C93A0C /* Base */,
			);
			name = LaunchScreen.storyboard;
			path = ..;
			sourceTree = "<group>";
		};
/* End PBXVariantGroup section */

/* Begin XCBuildConfiguration section */
		F0501F501F75274300C93A0C /* Debug */ = {
			isa = XCBuildConfiguration;
			buildSettings = {
				ALWAYS_SEARCH_USER_PATHS = NO;
				CLANG_ANALYZER_NONNULL = YES;
				CLANG_ANALYZER_NUMBER_OBJECT_CONVERSION = YES_AGGRESSIVE;
				CLANG_CXX_LANGUAGE_STANDARD = "gnu++0x";
				CLANG_CXX_LIBRARY = "libc++";
				CLANG_ENABLE_MODULES = YES;
				CLANG_ENABLE_OBJC_ARC = YES;
				CLANG_WARN_BOOL_CONVERSION = YES;
				CLANG_WARN_CONSTANT_CONVERSION = YES;
				CLANG_WARN_DIRECT_OBJC_ISA_USAGE = YES_ERROR;
				CLANG_WARN_DOCUMENTATION_COMMENTS = YES;
				CLANG_WARN_EMPTY_BODY = YES;
				CLANG_WARN_ENUM_CONVERSION = YES;
				CLANG_WARN_INFINITE_RECURSION = YES;
				CLANG_WARN_INT_CONVERSION = YES;
				CLANG_WARN_OBJC_ROOT_CLASS = YES_ERROR;
				CLANG_WARN_SUSPICIOUS_MOVE = YES;
				CLANG_WARN_UNREACHABLE_CODE = YES;
				CLANG_WARN__DUPLICATE_METHOD_MATCH = YES;
				"CODE_SIGN_IDENTITY[sdk=iphoneos*]" = "iPhone Developer";
				COPY_PHASE_STRIP = NO;
				DEBUG_INFORMATION_FORMAT = dwarf;
				ENABLE_STRICT_OBJC_MSGSEND = YES;
				ENABLE_TESTABILITY = YES;
				GCC_C_LANGUAGE_STANDARD = gnu99;
				GCC_DYNAMIC_NO_PIC = NO;
				GCC_NO_COMMON_BLOCKS = YES;
				GCC_OPTIMIZATION_LEVEL = 0;
				GCC_PREPROCESSOR_DEFINITIONS = (
					"DEBUG=1",
					"$(inherited)",
				);
				GCC_WARN_64_TO_32_BIT_CONVERSION = YES;
				GCC_WARN_ABOUT_RETURN_TYPE = YES_ERROR;
				GCC_WARN_UNDECLARED_SELECTOR = YES;
				GCC_WARN_UNINITIALIZED_AUTOS = YES_AGGRESSIVE;
				GCC_WARN_UNUSED_FUNCTION = YES;
				GCC_WARN_UNUSED_VARIABLE = YES;
				IPHONEOS_DEPLOYMENT_TARGET = 10.3;
				MTL_ENABLE_DEBUG_INFO = YES;
				ONLY_ACTIVE_ARCH = YES;
				SDKROOT = iphoneos;
			};
			name = Debug;
		};
		F0501F511F75274300C93A0C /* Release */ = {
			isa = XCBuildConfiguration;
			buildSettings = {
				ALWAYS_SEARCH_USER_PATHS = NO;
				CLANG_ANALYZER_NONNULL = YES;
				CLANG_ANALYZER_NUMBER_OBJECT_CONVERSION = YES_AGGRESSIVE;
				CLANG_CXX_LANGUAGE_STANDARD = "gnu++0x";
				CLANG_CXX_LIBRARY = "libc++";
				CLANG_ENABLE_MODULES = YES;
				CLANG_ENABLE_OBJC_ARC = YES;
				CLANG_WARN_BOOL_CONVERSION = YES;
				CLANG_WARN_CONSTANT_CONVERSION = YES;
				CLANG_WARN_DIRECT_OBJC_ISA_USAGE = YES_ERROR;
				CLANG_WARN_DOCUMENTATION_COMMENTS = YES;
				CLANG_WARN_EMPTY_BODY = YES;
				CLANG_WARN_ENUM_CONVERSION = YES;
				CLANG_WARN_INFINITE_RECURSION = YES;
				CLANG_WARN_INT_CONVERSION = YES;
				CLANG_WARN_OBJC_ROOT_CLASS = YES_ERROR;
				CLANG_WARN_SUSPICIOUS_MOVE = YES;
				CLANG_WARN_UNREACHABLE_CODE = YES;
				CLANG_WARN__DUPLICATE_METHOD_MATCH = YES;
				"CODE_SIGN_IDENTITY[sdk=iphoneos*]" = "iPhone Developer";
				COPY_PHASE_STRIP = NO;
				DEBUG_INFORMATION_FORMAT = "dwarf-with-dsym";
				ENABLE_NS_ASSERTIONS = NO;
				ENABLE_STRICT_OBJC_MSGSEND = YES;
				GCC_C_LANGUAGE_STANDARD = gnu99;
				GCC_NO_COMMON_BLOCKS = YES;
				GCC_WARN_64_TO_32_BIT_CONVERSION = YES;
				GCC_WARN_ABOUT_RETURN_TYPE = YES_ERROR;
				GCC_WARN_UNDECLARED_SELECTOR = YES;
				GCC_WARN_UNINITIALIZED_AUTOS = YES_AGGRESSIVE;
				GCC_WARN_UNUSED_FUNCTION = YES;
				GCC_WARN_UNUSED_VARIABLE = YES;
				IPHONEOS_DEPLOYMENT_TARGET = 10.3;
				MTL_ENABLE_DEBUG_INFO = NO;
				SDKROOT = iphoneos;
				VALIDATE_PRODUCT = YES;
			};
			name = Release;
		};
		F0501F531F75274300C93A0C /* Debug */ = {
			isa = XCBuildConfiguration;
			buildSettings = {
				ASSETCATALOG_COMPILER_APPICON_NAME = AppIcon;
				DEVELOPMENT_TEAM = C7QWF37U49;
				INFOPLIST_FILE = ZXGQRCodeExample/Info.plist;
				IPHONEOS_DEPLOYMENT_TARGET = 8.0;
				LD_RUNPATH_SEARCH_PATHS = "$(inherited) @executable_path/Frameworks";
				PRODUCT_BUNDLE_IDENTIFIER = cn.app.huakala;
				PRODUCT_NAME = "$(TARGET_NAME)";
			};
			name = Debug;
		};
		F0501F541F75274300C93A0C /* Release */ = {
			isa = XCBuildConfiguration;
			buildSettings = {
				ASSETCATALOG_COMPILER_APPICON_NAME = AppIcon;
				DEVELOPMENT_TEAM = C7QWF37U49;
				INFOPLIST_FILE = ZXGQRCodeExample/Info.plist;
				IPHONEOS_DEPLOYMENT_TARGET = 8.0;
				LD_RUNPATH_SEARCH_PATHS = "$(inherited) @executable_path/Frameworks";
				PRODUCT_BUNDLE_IDENTIFIER = cn.app.huakala;
				PRODUCT_NAME = "$(TARGET_NAME)";
			};
			name = Release;
		};
		F0501F561F75274300C93A0C /* Debug */ = {
			isa = XCBuildConfiguration;
			buildSettings = {
				BUNDLE_LOADER = "$(TEST_HOST)";
				INFOPLIST_FILE = ZXGQRCodeExampleTests/Info.plist;
				LD_RUNPATH_SEARCH_PATHS = "$(inherited) @executable_path/Frameworks @loader_path/Frameworks";
				PRODUCT_BUNDLE_IDENTIFIER = onzxgway.ZXGQRCodeExampleTests;
				PRODUCT_NAME = "$(TARGET_NAME)";
				TEST_HOST = "$(BUILT_PRODUCTS_DIR)/ZXGQRCodeExample.app/ZXGQRCodeExample";
			};
			name = Debug;
		};
		F0501F571F75274300C93A0C /* Release */ = {
			isa = XCBuildConfiguration;
			buildSettings = {
				BUNDLE_LOADER = "$(TEST_HOST)";
				INFOPLIST_FILE = ZXGQRCodeExampleTests/Info.plist;
				LD_RUNPATH_SEARCH_PATHS = "$(inherited) @executable_path/Frameworks @loader_path/Frameworks";
				PRODUCT_BUNDLE_IDENTIFIER = onzxgway.ZXGQRCodeExampleTests;
				PRODUCT_NAME = "$(TARGET_NAME)";
				TEST_HOST = "$(BUILT_PRODUCTS_DIR)/ZXGQRCodeExample.app/ZXGQRCodeExample";
			};
			name = Release;
		};
/* End XCBuildConfiguration section */

/* Begin XCConfigurationList section */
		F0501F201F75274200C93A0C /* Build configuration list for PBXProject "ZXGQRCodeExample" */ = {
			isa = XCConfigurationList;
			buildConfigurations = (
				F0501F501F75274300C93A0C /* Debug */,
				F0501F511F75274300C93A0C /* Release */,
			);
			defaultConfigurationIsVisible = 0;
			defaultConfigurationName = Release;
		};
		F0501F521F75274300C93A0C /* Build configuration list for PBXNativeTarget "ZXGQRCodeExample" */ = {
			isa = XCConfigurationList;
			buildConfigurations = (
				F0501F531F75274300C93A0C /* Debug */,
				F0501F541F75274300C93A0C /* Release */,
			);
			defaultConfigurationIsVisible = 0;
			defaultConfigurationName = Release;
		};
		F0501F551F75274300C93A0C /* Build configuration list for PBXNativeTarget "ZXGQRCodeExampleTests" */ = {
			isa = XCConfigurationList;
			buildConfigurations = (
				F0501F561F75274300C93A0C /* Debug */,
				F0501F571F75274300C93A0C /* Release */,
			);
			defaultConfigurationIsVisible = 0;
			defaultConfigurationName = Release;
		};
/* End XCConfigurationList section */
	};
	rootObject = F0501F1D1F75274200C93A0C /* Project object */;
}
